
Microsoft Visual Studio Solution File, Format Version 12.00
# Visual Studio Version 17
VisualStudioVersion = 17.11.35327.3
MinimumVisualStudioVersion = 10.0.40219.1
Project("{FAE04EC0-301F-11D3-BF4B-00C04F79EFBC}") = "Animacion_TAPIADOR_Rodrigo", "Animacion_TAPIADOR_Rodrigo.csproj", "{BC5AE2B7-C2A5-4666-A876-C3D75CC9DBC6}"
EndProject
Global
	GlobalSection(SolutionConfigurationPlatforms) = preSolution
		Debug|Any CPU = Debug|Any CPU
		Release|Any CPU = Release|Any CPU
	EndGlobalSection
	GlobalSection(ProjectConfigurationPlatforms) = postSolution
		{BC5AE2B7-C2A5-4666-A876-C3D75CC9DBC6}.Debug|Any CPU.ActiveCfg = Debug|Any CPU
		{BC5AE2B7-C2A5-4666-A876-C3D75CC9DBC6}.Debug|Any CPU.Build.0 = Debug|Any CPU
		{BC5AE2B7-C2A5-4666-A876-C3D75CC9DBC6}.Release|Any CPU.ActiveCfg = Release|Any CPU
		{BC5AE2B7-C2A5-4666-A876-C3D75CC9DBC6}.Release|Any CPU.Build.0 = Release|Any CPU
	EndGlobalSection
	GlobalSection(SolutionProperties) = preSolution
		HideSolutionNode = FALSE
	EndGlobalSection
	GlobalSection(ExtensibilityGlobals) = postSolution
		SolutionGuid = {C4C4D9F8-91A5-4465-B37E-149AF99F26C3}
	EndGlobalSection
EndGlobal
